RUSTDESK_VERSION=1.4.9
RUSTDESK_COMMIT=6c578292e8ebbbec708b76986ba8c4bc7c509747
# Replace only after the licensed adapter/refactor is committed and approved.
LICENSED_FORK_COMMIT=SET_AFTER_LICENSE_APPROVAL
RUST_VERSION=1.75.0
CARGO_NDK_VERSION=3.1.2
ANDROID_NDK_VERSION=28.2.13676358
FLUTTER_VERSION=3.24.5
ANDROID_ABI=arm64-v8a
